// !$*UTF8*$!
{
	archiveVersion = 1;
	classes = {
	};
	objectVersion = 50;
	objects = {

/* Begin PBXBuildFile section */
		183241FA23C7B1FD00E15483 /* AppDelegate.swift in Sources */ = {isa = PBXBuildFile; fileRef = 183241F923C7B1FD00E15483 /* AppDelegate.swift */; };
		183241FC23C7B1FD00E15483 /* SceneDelegate.swift in Sources */ = {isa = PBXBuildFile; fileRef = 183241FB23C7B1FD00E15483 /* SceneDelegate.swift */; };
		183241FE23C7B1FD00E15483 /* ViewController.swift in Sources */ = {isa = PBXBuildFile; fileRef = 183241FD23C7B1FD00E15483 /* ViewController.swift */; };
		1832420123C7B1FD00E15483 /* Main.storyboard in Resources */ = {isa = PBXBuildFile; fileRef = 183241FF23C7B1FD00E15483 /* Main.storyboard */; };
		1832420323C7B20000E15483 /* Assets.xcassets in Resources */ = {isa = PBXBuildFile; fileRef = 1832420223C7B20000E15483 /* Assets.xcassets */; };
		1832420623C7B20000E15483 /* LaunchScreen.storyboard in Resources */ = {isa = PBXBuildFile; fileRef = 1832420423C7B20000E15483 /* LaunchScreen.storyboard */; };
		1832421123C7B20100E15483 /* MyForexTests.swift in Sources */ = {isa = PBXBuildFile; fileRef = 1832421023C7B20100E15483 /* MyForexTests.swift */; };
		1832421C23C7B20100E15483 /* MyForexUITests.swift in Sources */ = {isa = PBXBuildFile; fileRef = 1832421B23C7B20100E15483 /* MyForexUITests.swift */; };
		1832422E23C7CC5F00E15483 /* TableViewCell.swift in Sources */ = {isa = PBXBuildFile; fileRef = 1832422D23C7CC5F00E15483 /* TableViewCell.swift */; };
/* End PBXBuildFile section */

/* Begin PBXContainerItemProxy section */
		1832420D23C7B20100E15483 /* PBXContainerItemProxy */ = {
			isa = PBXContainerItemProxy;
			containerPortal = 183241EE23C7B1FD00E15483 /* Project object */;
			proxyType = 1;
			remoteGlobalIDString = 183241F523C7B1FD00E15483;
			remoteInfo = MyForex;
		};
		1832421823C7B20100E15483 /* PBXContainerItemProxy */ = {
			isa = PBXContainerItemProxy;
			containerPortal = 183241EE23C7B1FD00E15483 /* Project object */;
			proxyType = 1;
			remoteGlobalIDString = 183241F523C7B1FD00E15483;
			remoteInfo = MyForex;
		};
/* End PBXContainerItemProxy section */

/* Begin PBXFileReference section */
		183241F623C7B1FD00E15483 /* MyForex.app */ = {isa = PBXFileReference; explicitFileType = wrapper.application; includeInIndex = 0; path = MyForex.app; sourceTree = BUILT_PRODUCTS_DIR; };
		183241F923C7B1FD00E15483 /* AppDelegate.swift */ = {isa = PBXFileReference; lastKnownFileType = sourcecode.swift; path = AppDelegate.swift; sourceTree = "<group>"; };
		183241FB23C7B1FD00E15483 /* SceneDelegate.swift */ = {isa = PBXFileReference; lastKnownFileType = sourcecode.swift; path = SceneDelegate.swift; sourceTree = "<group>"; };
		183241FD23C7B1FD00E15483 /* ViewController.swift */ = {isa = PBXFileReference; lastKnownFileType = sourcecode.swift; path = ViewController.swift; sourceTree = "<group>"; };
		1832420023C7B1FD00E15483 /* Base */ = {isa = PBXFileReference; lastKnownFileType = file.storyboard; name = Base; path = Base.lproj/Main.storyboard; sourceTree = "<group>"; };
		1832420223C7B20000E15483 /* Assets.xcassets */ = {isa = PBXFileReference; lastKnownFileType = folder.assetcatalog; path = Assets.xcassets; sourceTree = "<group>"; };
		1832420523C7B20000E15483 /* Base */ = {isa = PBXFileReference; lastKnownFileType = file.storyboard; name = Base; path = Base.lproj/LaunchScreen.storyboard; sourceTree = "<group>"; };
		1832420723C7B20000E15483 /* Info.plist */ = {isa = PBXFileReference; lastKnownFileType = text.plist.xml; path = Info.plist; sourceTree = "<group>"; };
		1832420C23C7B20100E15483 /* MyForexTests.xctest */ = {isa = PBXFileReference; explicitFileType = wrapper.cfbundle; includeInIndex = 0; path = MyForexTests.xctest; sourceTree = BUILT_PRODUCTS_DIR; };
		1832421023C7B20100E15483 /* MyForexTests.swift */ = {isa = PBXFileReference; lastKnownFileType = sourcecode.swift; path = MyForexTests.swift; sourceTree = "<group>"; };
		1832421223C7B20100E15483 /* Info.plist */ = {isa = PBXFileReference; lastKnownFileType = text.plist.xml; path = Info.plist; sourceTree = "<group>"; };
		1832421723C7B20100E15483 /* MyForexUITests.xctest */ = {isa = PBXFileReference; explicitFileType = wrapper.cfbundle; includeInIndex = 0; path = MyForexUITests.xctest; sourceTree = BUILT_PRODUCTS_DIR; };
		1832421B23C7B20100E15483 /* MyForexUITests.swift */ = {isa = PBXFileReference; lastKnownFileType = sourcecode.swift; path = MyForexUITests.swift; sourceTree = "<group>"; };
		1832421D23C7B20100E15483 /* Info.plist */ = {isa = PBXFileReference; lastKnownFileType = text.plist.xml; path = Info.plist; sourceTree = "<group>"; };
		1832422D23C7CC5F00E15483 /* TableViewCell.swift */ = {isa = PBXFileReference; lastKnownFileType = sourcecode.swift; path = TableViewCell.swift; sourceTree = "<group>"; };
/* End PBXFileReference section */

/* Begin PBXFrameworksBuildPhase section */
		183241F323C7B1FD00E15483 /* Frameworks */ = {
			isa = PBXFrameworksBuildPhase;
			buildActionMask = 2147483647;
			files = (
			);
			runOnlyForDeploymentPostprocessing = 0;
		};
		1832420923C7B20100E15483 /* Frameworks */ = {
			isa = PBXFrameworksBuildPhase;
			buildActionMask = 2147483647;
			files = (
			);
			runOnlyForDeploymentPostprocessing = 0;
		};
		1832421423C7B20100E15483 /* Frameworks */ = {
			isa = PBXFrameworksBuildPhase;
			buildActionMask = 2147483647;
			files = (
			);
			runOnlyForDeploymentPostprocessing = 0;
		};
/* End PBXFrameworksBuildPhase section */

/* Begin PBXGroup section */
		183241ED23C7B1FD00E15483 = {
			isa = PBXGroup;
			children = (
				183241F823C7B1FD00E15483 /* MyForex */,
				1832420F23C7B20100E15483 /* MyForexTests */,
				1832421A23C7B20100E15483 /* MyForexUITests */,
				183241F723C7B1FD00E15483 /* Products */,
			);
			sourceTree = "<group>";
		};
		183241F723C7B1FD00E15483 /* Products */ = {
			isa = PBXGroup;
			children = (
				183241F623C7B1FD00E15483 /* MyForex.app */,
				1832420C23C7B20100E15483 /* MyForexTests.xctest */,
				1832421723C7B20100E15483 /* MyForexUITests.xctest */,
			);
			name = Products;
			sourceTree = "<group>";
		};
		183241F823C7B1FD00E15483 /* MyForex */ = {
			isa = PBXGroup;
			children = (
				183241F923C7B1FD00E15483 /* AppDelegate.swift */,
				183241FB23C7B1FD00E15483 /* SceneDelegate.swift */,
				183241FD23C7B1FD00E15483 /* ViewController.swift */,
				1832422D23C7CC5F00E15483 /* TableViewCell.swift */,
				183241FF23C7B1FD00E15483 /* Main.storyboard */,
				1832420223C7B20000E15483 /* Assets.xcassets */,
				1832420423C7B20000E15483 /* LaunchScreen.storyboard */,
				1832420723C7B20000E15483 /* Info.plist */,
			);
			path = MyForex;
			sourceTree = "<group>";
		};
		1832420F23C7B20100E15483 /* MyForexTests */ = {
			isa = PBXGroup;
			children = (
				1832421023C7B20100E15483 /* MyForexTests.swift */,
				1832421223C7B20100E15483 /* Info.plist */,
			);
			path = MyForexTests;
			sourceTree = "<group>";
		};
		1832421A23C7B20100E15483 /* MyForexUITests */ = {
			isa = PBXGroup;
			children = (
				1832421B23C7B20100E15483 /* MyForexUITests.swift */,
				1832421D23C7B20100E15483 /* Info.plist */,
			);
			path = MyForexUITests;
			sourceTree = "<group>";
		};
/* End PBXGroup section */

/* Begin PBXNativeTarget section */
		183241F523C7B1FD00E15483 /* MyForex */ = {
			isa = PBXNativeTarget;
			buildConfigurationList = 1832422023C7B20100E15483 /* Build configuration list for PBXNativeTarget "MyForex" */;
			buildPhases = (
				183241F223C7B1FD00E15483 /* Sources */,
				183241F323C7B1FD00E15483 /* Frameworks */,
				183241F423C7B1FD00E15483 /* Resources */,
			);
			buildRules = (
			);
			dependencies = (
			);
			name = MyForex;
			productName = MyForex;
			productReference = 183241F623C7B1FD00E15483 /* MyForex.app */;
			productType = "com.apple.product-type.application";
		};
		1832420B23C7B20100E15483 /* MyForexTests */ = {
			isa = PBXNativeTarget;
			buildConfigurationList = 1832422323C7B20100E15483 /* Build configuration list for PBXNativeTarget "MyForexTests" */;
			buildPhases = (
				1832420823C7B20100E15483 /* Sources */,
				1832420923C7B20100E15483 /* Frameworks */,
				1832420A23C7B20100E15483 /* Resources */,
			);
			buildRules = (
			);
			dependencies = (
				1832420E23C7B20100E15483 /* PBXTargetDependency */,
			);
			name = MyForexTests;
			productName = MyForexTests;
			productReference = 1832420C23C7B20100E15483 /* MyForexTests.xctest */;
			productType = "com.apple.product-type.bundle.unit-test";
		};
		1832421623C7B20100E15483 /* MyForexUITests */ = {
			isa = PBXNativeTarget;
			buildConfigurationList = 1832422623C7B20100E15483 /* Build configuration list for PBXNativeTarget "MyForexUITests" */;
			buildPhases = (
				1832421323C7B20100E15483 /* Sources */,
				1832421423C7B20100E15483 /* Frameworks */,
				1832421523C7B20100E15483 /* Resources */,
			);
			buildRules = (
			);
			dependencies = (
				1832421923C7B20100E15483 /* PBXTargetDependency */,
			);
			name = MyForexUITests;
			productName = MyForexUITests;
			productReference = 1832421723C7B20100E15483 /* MyForexUITests.xctest */;
			productType = "com.apple.product-type.bundle.ui-testing";
		};
/* End PBXNativeTarget section */

/* Begin PBXProject section */
		183241EE23C7B1FD00E15483 /* Project object */ = {
			isa = PBXProject;
			attributes = {
				LastSwiftUpdateCheck = 1130;
				LastUpgradeCheck = 1130;
				ORGANIZATIONNAME = apple;
				TargetAttributes = {
					183241F523C7B1FD00E15483 = {
						CreatedOnToolsVersion = 11.3;
					};
					1832420B23C7B20100E15483 = {
						CreatedOnToolsVersion = 11.3;
						TestTargetID = 183241F523C7B1FD00E15483;
					};
					1832421623C7B20100E15483 = {
						CreatedOnToolsVersion = 11.3;
						TestTargetID = 183241F523C7B1FD00E15483;
					};
				};
			};
			buildConfigurationList = 183241F123C7B1FD00E15483 /* Build configuration list for PBXProject "MyForex" */;
			compatibilityVersion = "Xcode 9.3";
			developmentRegion = en;
			hasScannedForEncodings = 0;
			knownRegions = (
				en,
				Base,
			);
			mainGroup = 183241ED23C7B1FD00E15483;
			productRefGroup = 183241F723C7B1FD00E15483 /* Products */;
			projectDirPath = "";
			projectRoot = "";
			targets = (
				183241F523C7B1FD00E15483 /* MyForex */,
				1832420B23C7B20100E15483 /* MyForexTests */,
				1832421623C7B20100E15483 /* MyForexUITests */,
			);
		};
/* End PBXProject section */

/* Begin PBXResourcesBuildPhase section */
		183241F423C7B1FD00E15483 /* Resources */ = {
			isa = PBXResourcesBuildPhase;
			buildActionMask = 2147483647;
			files = (
				1832420623C7B20000E15483 /* LaunchScreen.storyboard in Resources */,
				1832420323C7B20000E15483 /* Assets.xcassets in Resources */,
				1832420123C7B1FD00E15483 /* Main.storyboard in Resources */,
			);
			runOnlyForDeploymentPostprocessing = 0;
		};
		1832420A23C7B20100E15483 /* Resources */ = {
			isa = PBXResourcesBuildPhase;
			buildActionMask = 2147483647;
			files = (
			);
			runOnlyForDeploymentPostprocessing = 0;
		};
		1832421523C7B20100E15483 /* Resources */ = {
			isa = PBXResourcesBuildPhase;
			buildActionMask = 2147483647;
			files = (
			);
			runOnlyForDeploymentPostprocessing = 0;
		};
/* End PBXResourcesBuildPhase section */

/* Begin PBXSourcesBuildPhase section */
		183241F223C7B1FD00E15483 /* Sources */ = {
			isa = PBXSourcesBuildPhase;
			buildActionMask = 2147483647;
			files = (
				1832422E23C7CC5F00E15483 /* TableViewCell.swift in Sources */,
				183241FE23C7B1FD00E15483 /* ViewController.swift in Sources */,
				183241FA23C7B1FD00E15483 /* AppDelegate.swift in Sources */,
				183241FC23C7B1FD00E15483 /* SceneDelegate.swift in Sources */,
			);
			runOnlyForDeploymentPostprocessing = 0;
		};
		1832420823C7B20100E15483 /* Sources */ = {
			isa = PBXSourcesBuildPhase;
			buildActionMask = 2147483647;
			files = (
				1832421123C7B20100E15483 /* MyForexTests.swift in Sources */,
			);
			runOnlyForDeploymentPostprocessing = 0;
		};
		1832421323C7B20100E15483 /* Sources */ = {
			isa = PBXSourcesBuildPhase;
			buildActionMask = 2147483647;
			files = (
				1832421C23C7B20100E15483 /* MyForexUITests.swift in Sources */,
			);
			runOnlyForDeploymentPostprocessing = 0;
		};
/* End PBXSourcesBuildPhase section */

/* Begin PBXTargetDependency section */
		1832420E23C7B20100E15483 /* PBXTargetDependency */ = {
			isa = PBXTargetDependency;
			target = 183241F523C7B1FD00E15483 /* MyForex */;
			targetProxy = 1832420D23C7B20100E15483 /* PBXContainerItemProxy */;
		};
		1832421923C7B20100E15483 /* PBXTargetDependency */ = {
			isa = PBXTargetDependency;
			target = 183241F523C7B1FD00E15483 /* MyForex */;
			targetProxy = 1832421823C7B20100E15483 /* PBXContainerItemProxy */;
		};
/* End PBXTargetDependency section */

/* Begin PBXVariantGroup section */
		183241FF23C7B1FD00E15483 /* Main.storyboard */ = {
			isa = PBXVariantGroup;
			children = (
				1832420023C7B1FD00E15483 /* Base */,
			);
			name = Main.storyboard;
			sourceTree = "<group>";
		};
		1832420423C7B20000E15483 /* LaunchScreen.storyboard */ = {
			isa = PBXVariantGroup;
			children = (
				1832420523C7B20000E15483 /* Base */,
			);
			name = LaunchScreen.storyboard;
			sourceTree = "<group>";
		};
/* End PBXVariantGroup section */

/* Begin XCBuildConfiguration section */
		1832421E23C7B20100E15483 /* Debug */ = {
			isa = XCBuildConfiguration;
			buildSettings = {
				ALWAYS_SEARCH_USER_PATHS = NO;
				CLANG_ANALYZER_NONNULL = YES;
				CLANG_ANALYZER_NUMBER_OBJECT_CONVERSION = YES_AGGRESSIVE;
				CLANG_CXX_LANGUAGE_STANDARD = "gnu++14";
				CLANG_CXX_LIBRARY = "libc++";
				CLANG_ENABLE_MODULES = YES;
				CLANG_ENABLE_OBJC_ARC = YES;
				CLANG_ENABLE_OBJC_WEAK = YES;
				CLANG_WARN_BLOCK_CAPTURE_AUTORELEASING = YES;
				CLANG_WARN_BOOL_CONVERSION = YES;
				CLANG_WARN_COMMA = YES;
				CLANG_WARN_CONSTANT_CONVERSION = YES;
				CLANG_WARN_DEPRECATED_OBJC_IMPLEMENTATIONS = YES;
				CLANG_WARN_DIRECT_OBJC_ISA_USAGE = YES_ERROR;
				CLANG_WARN_DOCUMENTATION_COMMENTS = YES;
				CLANG_WARN_EMPTY_BODY = YES;
				CLANG_WARN_ENUM_CONVERSION = YES;
				CLANG_WARN_INFINITE_RECURSION = YES;
				CLANG_WARN_INT_CONVERSION = YES;
				CLANG_WARN_NON_LITERAL_NULL_CONVERSION = YES;
				CLANG_WARN_OBJC_IMPLICIT_RETAIN_SELF = YES;
				CLANG_WARN_OBJC_LITERAL_CONVERSION = YES;
				CLANG_WARN_OBJC_ROOT_CLASS = YES_ERROR;
				CLANG_WARN_RANGE_LOOP_ANALYSIS = YES;
				CLANG_WARN_STRICT_PROTOTYPES = YES;
				CLANG_WARN_SUSPICIOUS_MOVE = YES;
				CLANG_WARN_UNGUARDED_AVAILABILITY = YES_AGGRESSIVE;
				CLANG_WARN_UNREACHABLE_CODE = YES;
				CLANG_WARN__DUPLICATE_METHOD_MATCH = YES;
				COPY_PHASE_STRIP = NO;
				DEBUG_INFORMATION_FORMAT = dwarf;
				ENABLE_STRICT_OBJC_MSGSEND = YES;
				ENABLE_TESTABILITY = YES;
				GCC_C_LANGUAGE_STANDARD = gnu11;
				GCC_DYNAMIC_NO_PIC = NO;
				GCC_NO_COMMON_BLOCKS = YES;
				GCC_OPTIMIZATION_LEVEL = 0;
				GCC_PREPROCESSOR_DEFINITIONS = (
					"DEBUG=1",
					"$(inherited)",
				);
				GCC_WARN_64_TO_32_BIT_CONVERSION = YES;
				GCC_WARN_ABOUT_RETURN_TYPE = YES_ERROR;
				GCC_WARN_UNDECLARED_SELECTOR = YES;
				GCC_WARN_UNINITIALIZED_AUTOS = YES_AGGRESSIVE;
				GCC_WARN_UNUSED_FUNCTION = YES;
				GCC_WARN_UNUSED_VARIABLE = YES;
				IPHONEOS_DEPLOYMENT_TARGET = 13.2;
				MTL_ENABLE_DEBUG_INFO = INCLUDE_SOURCE;
				MTL_FAST_MATH = YES;
				ONLY_ACTIVE_ARCH = YES;
				SDKROOT = iphoneos;
				SWIFT_ACTIVE_COMPILATION_CONDITIONS = DEBUG;
				SWIFT_OPTIMIZATION_LEVEL = "-Onone";
			};
			name = Debug;
		};
		1832421F23C7B20100E15483 /* Release */ = {
			isa = XCBuildConfiguration;
			buildSettings = {
				ALWAYS_SEARCH_USER_PATHS = NO;
				CLANG_ANALYZER_NONNULL = YES;
				CLANG_ANALYZER_NUMBER_OBJECT_CONVERSION = YES_AGGRESSIVE;
				CLANG_CXX_LANGUAGE_STANDARD = "gnu++14";
				CLANG_CXX_LIBRARY = "libc++";
				CLANG_ENABLE_MODULES = YES;
				CLANG_ENABLE_OBJC_ARC = YES;
				CLANG_ENABLE_OBJC_WEAK = YES;
				CLANG_WARN_BLOCK_CAPTURE_AUTORELEASING = YES;
				CLANG_WARN_BOOL_CONVERSION = YES;
				CLANG_WARN_COMMA = YES;
				CLANG_WARN_CONSTANT_CONVERSION = YES;
				CLANG_WARN_DEPRECATED_OBJC_IMPLEMENTATIONS = YES;
				CLANG_WARN_DIRECT_OBJC_ISA_USAGE = YES_ERROR;
				CLANG_WARN_DOCUMENTATION_COMMENTS = YES;
				CLANG_WARN_EMPTY_BODY = YES;
				CLANG_WARN_ENUM_CONVERSION = YES;
				CLANG_WARN_INFINITE_RECURSION = YES;
				CLANG_WARN_INT_CONVERSION = YES;
				CLANG_WARN_NON_LITERAL_NULL_CONVERSION = YES;
				CLANG_WARN_OBJC_IMPLICIT_RETAIN_SELF = YES;
				CLANG_WARN_OBJC_LITERAL_CONVERSION = YES;
				CLANG_WARN_OBJC_ROOT_CLASS = YES_ERROR;
				CLANG_WARN_RANGE_LOOP_ANALYSIS = YES;
				CLANG_WARN_STRICT_PROTOTYPES = YES;
				CLANG_WARN_SUSPICIOUS_MOVE = YES;
				CLANG_WARN_UNGUARDED_AVAILABILITY = YES_AGGRESSIVE;
				CLANG_WARN_UNREACHABLE_CODE = YES;
				CLANG_WARN__DUPLICATE_METHOD_MATCH = YES;
				COPY_PHASE_STRIP = NO;
				DEBUG_INFORMATION_FORMAT = "dwarf-with-dsym";
				ENABLE_NS_ASSERTIONS = NO;
				ENABLE_STRICT_OBJC_MSGSEND = YES;
				GCC_C_LANGUAGE_STANDARD = gnu11;
				GCC_NO_COMMON_BLOCKS = YES;
				GCC_WARN_64_TO_32_BIT_CONVERSION = YES;
				GCC_WARN_ABOUT_RETURN_TYPE = YES_ERROR;
				GCC_WARN_UNDECLARED_SELECTOR = YES;
				GCC_WARN_UNINITIALIZED_AUTOS = YES_AGGRESSIVE;
				GCC_WARN_UNUSED_FUNCTION = YES;
				GCC_WARN_UNUSED_VARIABLE = YES;
				IPHONEOS_DEPLOYMENT_TARGET = 13.2;
				MTL_ENABLE_DEBUG_INFO = NO;
				MTL_FAST_MATH = YES;
				SDKROOT = iphoneos;
				SWIFT_COMPILATION_MODE = wholemodule;
				SWIFT_OPTIMIZATION_LEVEL = "-O";
				VALIDATE_PRODUCT = YES;
			};
			name = Release;
		};
		1832422123C7B20100E15483 /* Debug */ = {
			isa = XCBuildConfiguration;
			buildSettings = {
				ASSETCATALOG_COMPILER_APPICON_NAME = AppIcon;
				CODE_SIGN_STYLE = Automatic;
				INFOPLIST_FILE = MyForex/Info.plist;
				LD_RUNPATH_SEARCH_PATHS = (
					"$(inherited)",
					"@executable_path/Frameworks",
				);
				PRODUCT_BUNDLE_IDENTIFIER = tech.MyForex;
				PRODUCT_NAME = "$(TARGET_NAME)";
				SWIFT_VERSION = 5.0;
				TARGETED_DEVICE_FAMILY = "1,2";
			};
			name = Debug;
		};
		1832422223C7B20100E15483 /* Release */ = {
			isa = XCBuildConfiguration;
			buildSettings = {
				ASSETCATALOG_COMPILER_APPICON_NAME = AppIcon;
				CODE_SIGN_STYLE = Automatic;
				INFOPLIST_FILE = MyForex/Info.plist;
				LD_RUNPATH_SEARCH_PATHS = (
					"$(inherited)",
					"@executable_path/Frameworks",
				);
				PRODUCT_BUNDLE_IDENTIFIER = tech.MyForex;
				PRODUCT_NAME = "$(TARGET_NAME)";
				SWIFT_VERSION = 5.0;
				TARGETED_DEVICE_FAMILY = "1,2";
			};
			name = Release;
		};
		1832422423C7B20100E15483 /* Debug */ = {
			isa = XCBuildConfiguration;
			buildSettings = {
				ALWAYS_EMBED_SWIFT_STANDARD_LIBRARIES = YES;
				BUNDLE_LOADER = "$(TEST_HOST)";
				CODE_SIGN_STYLE = Automatic;
				INFOPLIST_FILE = MyForexTests/Info.plist;
				IPHONEOS_DEPLOYMENT_TARGET = 13.2;
				LD_RUNPATH_SEARCH_PATHS = (
					"$(inherited)",
					"@executable_path/Frameworks",
					"@loader_path/Frameworks",
				);
				PRODUCT_BUNDLE_IDENTIFIER = tech.MyForexTests;
				PRODUCT_NAME = "$(TARGET_NAME)";
				SWIFT_VERSION = 5.0;
				TARGETED_DEVICE_FAMILY = "1,2";
				TEST_HOST = "$(BUILT_PRODUCTS_DIR)/MyForex.app/MyForex";
			};
			name = Debug;
		};
		1832422523C7B20100E15483 /* Release */ = {
			isa = XCBuildConfiguration;
			buildSettings = {
				ALWAYS_EMBED_SWIFT_STANDARD_LIBRARIES = YES;
				BUNDLE_LOADER = "$(TEST_HOST)";
				CODE_SIGN_STYLE = Automatic;
				INFOPLIST_FILE = MyForexTests/Info.plist;
				IPHONEOS_DEPLOYMENT_TARGET = 13.2;
				LD_RUNPATH_SEARCH_PATHS = (
					"$(inherited)",
					"@executable_path/Frameworks",
					"@loader_path/Frameworks",
				);
				PRODUCT_BUNDLE_IDENTIFIER = tech.MyForexTests;
				PRODUCT_NAME = "$(TARGET_NAME)";
				SWIFT_VERSION = 5.0;
				TARGETED_DEVICE_FAMILY = "1,2";
				TEST_HOST = "$(BUILT_PRODUCTS_DIR)/MyForex.app/MyForex";
			};
			name = Release;
		};
		1832422723C7B20100E15483 /* Debug */ = {
			isa = XCBuildConfiguration;
			buildSettings = {
				ALWAYS_EMBED_SWIFT_STANDARD_LIBRARIES = YES;
				CODE_SIGN_STYLE = Automatic;
				INFOPLIST_FILE = MyForexUITests/Info.plist;
				LD_RUNPATH_SEARCH_PATHS = (
					"$(inherited)",
					"@executable_path/Frameworks",
					"@loader_path/Frameworks",
				);
				PRODUCT_BUNDLE_IDENTIFIER = tech.MyForexUITests;
				PRODUCT_NAME = "$(TARGET_NAME)";
				SWIFT_VERSION = 5.0;
				TARGETED_DEVICE_FAMILY = "1,2";
				TEST_TARGET_NAME = MyForex;
			};
			name = Debug;
		};
		1832422823C7B20100E15483 /* Release */ = {
			isa = XCBuildConfiguration;
			buildSettings = {
				ALWAYS_EMBED_SWIFT_STANDARD_LIBRARIES = YES;
				CODE_SIGN_STYLE = Automatic;
				INFOPLIST_FILE = MyForexUITests/Info.plist;
				LD_RUNPATH_SEARCH_PATHS = (
					"$(inherited)",
					"@executable_path/Frameworks",
					"@loader_path/Frameworks",
				);
				PRODUCT_BUNDLE_IDENTIFIER = tech.MyForexUITests;
				PRODUCT_NAME = "$(TARGET_NAME)";
				SWIFT_VERSION = 5.0;
				TARGETED_DEVICE_FAMILY = "1,2";
				TEST_TARGET_NAME = MyForex;
			};
			name = Release;
		};
/* End XCBuildConfiguration section */

/* Begin XCConfigurationList section */
		183241F123C7B1FD00E15483 /* Build configuration list for PBXProject "MyForex" */ = {
			isa = XCConfigurationList;
			buildConfigurations = (
				1832421E23C7B20100E15483 /* Debug */,
				1832421F23C7B20100E15483 /* Release */,
			);
			defaultConfigurationIsVisible = 0;
			defaultConfigurationName = Release;
		};
		1832422023C7B20100E15483 /* Build configuration list for PBXNativeTarget "MyForex" */ = {
			isa = XCConfigurationList;
			buildConfigurations = (
				1832422123C7B20100E15483 /* Debug */,
				1832422223C7B20100E15483 /* Release */,
			);
			defaultConfigurationIsVisible = 0;
			defaultConfigurationName = Release;
		};
		1832422323C7B20100E15483 /* Build configuration list for PBXNativeTarget "MyForexTests" */ = {
			isa = XCConfigurationList;
			buildConfigurations = (
				1832422423C7B20100E15483 /* Debug */,
				1832422523C7B20100E15483 /* Release */,
			);
			defaultConfigurationIsVisible = 0;
			defaultConfigurationName = Release;
		};
		1832422623C7B20100E15483 /* Build configuration list for PBXNativeTarget "MyForexUITests" */ = {
			isa = XCConfigurationList;
			buildConfigurations = (
				1832422723C7B20100E15483 /* Debug */,
				1832422823C7B20100E15483 /* Release */,
			);
			defaultConfigurationIsVisible = 0;
			defaultConfigurationName = Release;
		};
/* End XCConfigurationList section */
	};
	rootObject = 183241EE23C7B1FD00E15483 /* Project object */;
}
